{
  "name": "docolab-kinde-workflows",
  "lockfileVersion": 3,
  "requires": true,
  "packages": {
    "": {
      "name": "docolab-kinde-workflows",
      "dependencies": {
        "@kinde/infrastructure": "latest"
      }
    },
    "node_modules/@kinde/infrastructure": {
      "version": "0.9.0",
      "resolved": "https://registry.npmjs.org/@kinde/infrastructure/-/infrastructure-0.9.0.tgz",
      "integrity": "sha512-vUV6BsDfE54SyCtke7HYFcVmRGmPuChpKzE/fmtSXI7lUm9RwYrcwjlg+EKrXWE26FLQXf1BSxJj036hZ71cuw=="
    }
  }
}
